github.com/BurntSushi/toml v0.3.1/go.mod h1:xHWCNGjB5oqiDr8zfno3MHue2Ht5sIBksp03qcyfWMU=
github.com/KyleBanks/depth v1.2.1 h1:5h8fQADFrWtarTdtDudMmGsC7GPbOAu6RVB3ffsVFHc=
github.com/KyleBanks/depth v1.2.1/go.mod h1:jzSb9d0L43HxTQfT+oSA1EEp2q+ne2uh6XgeJcm8brE=
github.com/cpuguy83/go-md2man/v2 v2.0.0-20190314233015-f79a8a8ca69d h1:U+s90UTSYgptZMwQh2aRr3LuazLJIa+Pg3Kc1ylSYVY=
github.com/cpuguy83/go-md2man/v2 v2.0.0-20190314233015-f79a8a8ca69d/go.mod h1:maD7wRr/U5Z6m/iR4s+kqSMx2CaBsrgA7czyZG/E6dU=
github.com/davecgh/go-spew v1.1.1 h1:vj9j/u1bqnvCEfJOwUhtlOARqs3+rkHYY13jYWTU97c=
github.com/davecgh/go-spew v1.1.1/go.mod h1:J7Y8YcW2NihsgmVo/mv3lAwl/skON4iLHjSsI+c5H38=
github.com/go-openapi/jsonpointer v0.22.1 h1:sHYI1He3b9NqJ4wXLoJDKmUmHkWy/L7rtEo92JUxBNk=
github.com/go-openapi/jsonpointer v0.22.1/go.mod h1:pQT9OsLkfz1yWoMgYFy4x3U5GY5nUlsOn1qSBH5MkCM=
github.com/go-openapi/jsonreference v0.21.3 h1:96Dn+MRPa0nYAR8DR1E03SblB5FJvh7W6krPI0Z7qMc=
github.com/go-openapi/jsonreference v0.21.3/go.mod h1:RqkUP0MrLf37HqxZxrIAtTWW4ZJIK1VzduhXYBEeGc4=
github.com/go-openapi/spec v0.22.1 h1:beZMa5AVQzRspNjvhe5aG1/XyBSMeX1eEOs7dMoXh/k=
github.com/go-openapi/spec v0.22.1/go.mod h1:c7aeIQT175dVowfp7FeCvXXnjN/MrpaONStibD2WtDA=
github.com/go-openapi/swag/conv v0.25.1 h1:+9o8YUg6QuqqBM5X6rYL/p1dpWeZRhoIt9x7CCP+he0=
github.com/go-openapi/swag/conv v0.25.1/go.mod h1:Z1mFEGPfyIKPu0806khI3zF+/EUXde+fdeksUl2NiDs=
github.com/go-openapi/swag/jsonname v0.25.1 h1:Sgx+qbwa4ej6AomWC6pEfXrA6uP2RkaNjA9BR8a1RJU=
github.com/go-openapi/swag/jsonname v0.25.1/go.mod h1:71Tekow6UOLBD3wS7XhdT98g5J5GR13NOTQ9/6Q11Zo=
github.com/go-openapi/swag/jsonutils v0.25.1 h1:AihLHaD0brrkJoMqEZOBNzTLnk81Kg9cWr+SPtxtgl8=
github.com/go-openapi/swag/jsonutils v0.25.1/go.mod h1:JpEkAjxQXpiaHmRO04N1zE4qbUEg3b7Udll7AMGTNOo=
github.com/go-openapi/swag/jsonutils/fixtures_test v0.25.1 h1:DSQGcdB6G0N9c/KhtpYc71PzzGEIc/fZ1no35x4/XBY=
github.com/go-openapi/swag/jsonutils/fixtures_test v0.25.1/go.mod h1:kjmweouyPwRUEYMSrbAidoLMGeJ5p6zdHi9BgZiqmsg=
github.com/go-openapi/swag/loading v0.25.1 h1:6OruqzjWoJyanZOim58iG2vj934TysYVptyaoXS24kw=
github.com/go-openapi/swag/loading v0.25.1/go.mod h1:xoIe2EG32NOYYbqxvXgPzne989bWvSNoWoyQVWEZicc=
github.com/go-openapi/swag/stringutils v0.25.1 h1:Xasqgjvk30eUe8VKdmyzKtjkVjeiXx1Iz0zDfMNpPbw=
github.com/go-openapi/swag/stringutils v0.25.1/go.mod h1:JLdSAq5169HaiDUbTvArA2yQxmgn4D6h4A+4HqVvAYg=
github.com/go-openapi/swag/typeutils v0.25.1 h1:rD/9HsEQieewNt6/k+JBwkxuAHktFtH3I3ysiFZqukA=
github.com/go-openapi/swag/typeutils v0.25.1/go.mod h1:9McMC/oCdS4BKwk2shEB7x17P6HmMmA6dQRtAkSnNb8=
github.com/go-openapi/swag/yamlutils v0.25.1 h1:mry5ez8joJwzvMbaTGLhw8pXUnhDK91oSJLDPF1bmGk=
github.com/go-openapi/swag/yamlutils v0.25.1/go.mod h1:cm9ywbzncy3y6uPm/97ysW8+wZ09qsks+9RS8fLWKqg=
github.com/go-openapi/testify/v2 v2.0.2 h1:X999g3jeLcoY8qctY/c/Z8iBHTbwLz7R2WXd6Ub6wls=
github.com/go-openapi/testify/v2 v2.0.2/go.mod h1:HCPmvFFnheKK2BuwSA0TbbdxJ3I16pjwMkYkP4Ywn54=
github.com/kr/pretty v0.3.1 h1:flRD4NNwYAUpkphVc1HcthR4KEIFJ65n8Mw5qdRn3LE=
github.com/kr/pretty v0.3.1/go.mod h1:hoEshYVHaxMs3cyo3Yncou5ZscifuDolrwPKZanG3xk=
github.com/kr/text v0.2.0 h1:5Nx0Ya0ZqY2ygV366QzturHI13Jq95ApcVaJBhpS+AY=
github.com/kr/text v0.2.0/go.mod h1:eLer722TekiGuMkidMxC/pM04lWEeraHUUmBw8l2grE=
github.com/pmezard/go-difflib v1.0.0 h1:4DBwDE0NGyQoBHbLQYPwSUPoCMWR5BEzIk/f1lZbAQM=
github.com/pmezard/go-difflib v1.0.0/go.mod h1:iKH77koFhYxTK1pcRnkKkqfTogsbg7gZNVY4sRDYZ/4=
github.com/rogpeppe/go-internal v1.14.1 h1:UQB4HGPB6osV0SQTLymcB4TgvyWu6ZyliaW0tI/otEQ=
github.com/rogpeppe/go-internal v1.14.1/go.mod h1:MaRKkUm5W0goXpeCfT7UZI6fk/L7L7so1lCWt35ZSgc=
github.com/russross/blackfriday/v2 v2.0.1 h1:lPqVAte+HuHNfhJ/0LC98ESWRz8afy9tM/0RK8m9o+Q=
github.com/russross/blackfriday/v2 v2.0.1/go.mod h1:+Rmxgy9KzJVeS9/2gXHxylqXiyQDYRxCVz55jmeOWTM=
github.com/shurcooL/sanitized_anchor_name v1.0.0 h1:PdmoCO6wvbs+7yrJyMORt4/BmY5IYyJwS/kOiWx8mHo=
github.com/shurcooL/sanitized_anchor_name v1.0.0/go.mod h1:1NzhyTcUVG4SuEtjjoZeVRXNmyL/1OwPU0+IJeTBvfc=
github.com/stretchr/testify v1.11.1 h1:7s2iGBzp5EwR7/aIZr8ao5+dra3wiQyKjjFuvgVKu7U=
github.com/stretchr/testify v1.11.1/go.mod h1:wZwfW3scLgRK+23gO65QZefKpKQRnfz6sD981Nm4B6U=
github.com/urfave/cli/v2 v2.3.0 h1:qph92Y649prgesehzOrQjdWyxFOp/QVM+6imKHad91M=
github.com/urfave/cli/v2 v2.3.0/go.mod h1:LJmUH05zAU44vOAcrfzZQKsZbVcdbOG8rtL3/XcUArI=
go.yaml.in/yaml/v3 v3.0.4 h1:tfq32ie2Jv2UxXFdLJdh3jXuOzWiL1fo0bu/FbuKpbc=
go.yaml.in/yaml/v3 v3.0.4/go.mod h1:DhzuOOF2ATzADvBadXxruRBLzYTpT36CKvDb3+aBEFg=
golang.org/x/mod v0.21.0 h1:vvrHzRwRfVKSiLrG+d4FMl/Qi4ukBCE6kZlTUkDYRT0=
golang.org/x/mod v0.21.0/go.mod h1:6SkKJ3Xj0I0BrPOZoBy3bdMptDDU9oJrpohJ3eWZ1fY=
golang.org/x/sync v0.13.0 h1:AauUjRAJ9OSnvULf/ARrrVywoJDy0YS2AwQ98I37610=
golang.org/x/sync v0.13.0/go.mod h1:1dzgHSNfp02xaA81J2MS99Qcpr2w7fw1gpm99rleRqA=
golang.org/x/text v0.24.0 h1:dd5Bzh4yt5KYA8f9CJHCP4FB4D51c2c6JvN37xJJkJ0=
golang.org/x/text v0.24.0/go.mod h1:L8rBsPeo2pSS+xqN0d5u2ikmjtmoJbDBT1b7nHvFCdU=
golang.org/x/tools v0.26.0 h1:v/60pFQmzmT9ExmjDv2gGIfi3OqfKoEP6I5+umXlbnQ=
golang.org/x/tools v0.26.0/go.mod h1:TPVVj70c7JJ3WCazhD8OdXcZg/og+b9+tH/KxylGwH0=
gopkg.in/check.v1 v0.0.0-20161208181325-20d25e280405/go.mod h1:Co6ibVJAznAaIkqp8huTwlJQCZ016jof/cbN4VW5Yz0=
gopkg.in/check.v1 v1.0.0-20201130134442-10cb98267c6c h1:Hei/4ADfdWqJk1ZMxUNpqntNwaWcugrBjAiHlqqRiVk=
gopkg.in/check.v1 v1.0.0-20201130134442-10cb98267c6c/go.mod h1:JHkPIbrfpd72SG/EVd6muEfDQjcINNoR0C8j2r3qZ4Q=
gopkg.in/yaml.v2 v2.2.3/go.mod h1:hI93XBmqTisBFMUTm0b8Fm+jr3Dg1NNxqwp+5A1VGuI=
gopkg.in/yaml.v2 v2.4.0 h1:D8xgwECY7CYvx+Y2n4sBz93Jn9JRvxdiyyo8CTfuKaY=
gopkg.in/yaml.v2 v2.4.0/go.mod h1:RDklbk79AGWmwhnvt/jBztapEOGDOx6ZbXqjP6csGnQ=
gopkg.in/yaml.v3 v3.0.1 h1:fxVm/GzAzEWqLHuvctI91KS9hhNmmWOoWu0XTYJS7CA=
gopkg.in/yaml.v3 v3.0.1/go.mod h1:K4uyk7z7BCEPqu6E+C64Yfv1cQ7kz7rIZviUmN+EgEM=
sigs.k8s.io/yaml v1.3.0 h1:a2VclLzOGrwOHDiV8EfBGhvjHvP46CtW5j6POvhYGGo=
sigs.k8s.io/yaml v1.3.0/go.mod h1:GeOyir5tyXNByN85N/dRIT9es5UQNerPYEKK56eTBm8=
